# @generated by Move, please check-in and do not edit manually.

[move]
version = 2
manifest_digest = "F0D8AA4595A96383ED88576141E900BD9F30CD4D1B37671BDCD73C8F2FC1B34A"
deps_digest = "3C4103934B1E040BB6B23F1D610B4EF9F2F1166A50A104EADCF77467C004C600"
dependencies = [
  { name = "Sui" },
  { name = "oracles" },
]

[[move.package]]
name = "MoveStdlib"
source = { git = "https://github.com/MystenLabs/sui.git", rev = "framework/testnet", subdir = "crates/sui-framework/packages/move-stdlib" }

[[move.package]]
name = "Sui"
source = { git = "https://github.com/MystenLabs/sui.git", rev = "framework/testnet", subdir = "crates/sui-framework/packages/sui-framework" }

dependencies = [
  { name = "MoveStdlib" },
]

[[move.package]]
name = "oracles"
source = { local = "../oracles" }

dependencies = [
  { name = "Sui" },
  { name = "supra_holder" },
]

[[move.package]]
name = "supra_holder"
source = { local = "../oracles/dependencies/supra_oracle/supra_holder" }

dependencies = [
  { name = "Sui" },
  { name = "supra_validator" },
]

[[move.package]]
name = "supra_utils"
source = { local = "../oracles/dependencies/supra_oracle/supra_utils" }

dependencies = [
  { name = "Sui" },
]

[[move.package]]
name = "supra_validator"
source = { local = "../oracles/dependencies/supra_oracle/supra_validator" }

dependencies = [
  { name = "Sui" },
  { name = "supra_utils" },
]

[move.toolchain-version]
compiler-version = "1.24.0"
edition = "legacy"
flavor = "sui"
